
Microsoft Visual Studio Solution File, Format Version 12.00
# Visual Studio Version 16
VisualStudioVersion = 16.0.30011.22
MinimumVisualStudioVersion = 10.0.40219.1
Project("{FAE04EC0-301F-11D3-BF4B-00C04F79EFBC}") = "CollectorSuficiencia", "CollectorSuficiencia\CollectorSuficiencia.csproj", "{6678EA6B-4262-4A6D-908F-DE5837ED6628}"
EndProject
Global
	GlobalSection(SolutionConfigurationPlatforms) = preSolution
		Debug|Any CPU = Debug|Any CPU
		Release|Any CPU = Release|Any CPU
	EndGlobalSection
	GlobalSection(ProjectConfigurationPlatforms) = postSolution
		{6678EA6B-4262-4A6D-908F-DE5837ED6628}.Debug|Any CPU.ActiveCfg = Debug|Any CPU
		{6678EA6B-4262-4A6D-908F-DE5837ED6628}.Debug|Any CPU.Build.0 = Debug|Any CPU
		{6678EA6B-4262-4A6D-908F-DE5837ED6628}.Release|Any CPU.ActiveCfg = Release|Any CPU
		{6678EA6B-4262-4A6D-908F-DE5837ED6628}.Release|Any CPU.Build.0 = Release|Any CPU
	EndGlobalSection
	GlobalSection(SolutionProperties) = preSolution
		HideSolutionNode = FALSE
	EndGlobalSection
	GlobalSection(ExtensibilityGlobals) = postSolution
		SolutionGuid = {544E6EC4-4006-4B8D-B139-4C1E46B32424}
	EndGlobalSection
EndGlobal
